
Microsoft Visual Studio Solution File, Format Version 12.00
# Visual Studio Version 17
VisualStudioVersion = 17.1.32319.34
MinimumVisualStudioVersion = 10.0.40219.1
Project("{FAE04EC0-301F-11D3-BF4B-00C04F79EFBC}") = "WindowsFormsApp4", "WindowsFormsApp4.csproj", "{49BCFF68-5261-4ADF-82BF-B2F2F3A04EFF}"
EndProject
Global
	GlobalSection(SolutionConfigurationPlatforms) = preSolution
		Debug|Any CPU = Debug|Any CPU
		Release|Any CPU = Release|Any CPU
	EndGlobalSection
	GlobalSection(ProjectConfigurationPlatforms) = postSolution
		{49BCFF68-5261-4ADF-82BF-B2F2F3A04EFF}.Debug|Any CPU.ActiveCfg = Debug|Any CPU
		{49BCFF68-5261-4ADF-82BF-B2F2F3A04EFF}.Debug|Any CPU.Build.0 = Debug|Any CPU
		{49BCFF68-5261-4ADF-82BF-B2F2F3A04EFF}.Release|Any CPU.ActiveCfg = Release|Any CPU
		{49BCFF68-5261-4ADF-82BF-B2F2F3A04EFF}.Release|Any CPU.Build.0 = Release|Any CPU
	EndGlobalSection
	GlobalSection(SolutionProperties) = preSolution
		HideSolutionNode = FALSE
	EndGlobalSection
	GlobalSection(ExtensibilityGlobals) = postSolution
		SolutionGuid = {382FF524-605F-4366-8AB0-DA98A3BCF40D}
	EndGlobalSection
EndGlobal
